// !$*UTF8*$!
{
	archiveVersion = 1;
	classes = {
	};
	objectVersion = 50;
	objects = {

/* Begin PBXBuildFile section */
		C306A32426340CFF00CB70D3 /* BookManager.swift in Sources */ = {isa = PBXBuildFile; fileRef = C306A32326340CFF00CB70D3 /* BookManager.swift */; };
		C306A32B26340F8300CB70D3 /* BookData.swift in Sources */ = {isa = PBXBuildFile; fileRef = C306A32A26340F8300CB70D3 /* BookData.swift */; };
		C306A32E2634415500CB70D3 /* BookModel.swift in Sources */ = {isa = PBXBuildFile; fileRef = C306A32D2634415500CB70D3 /* BookModel.swift */; };
		C30B9F8326335C8D001CB880 /* AppDelegate.swift in Sources */ = {isa = PBXBuildFile; fileRef = C30B9F8226335C8D001CB880 /* AppDelegate.swift */; };
		C30B9F8526335C8D001CB880 /* SceneDelegate.swift in Sources */ = {isa = PBXBuildFile; fileRef = C30B9F8426335C8D001CB880 /* SceneDelegate.swift */; };
		C30B9F8726335C8D001CB880 /* TableViewController.swift in Sources */ = {isa = PBXBuildFile; fileRef = C30B9F8626335C8D001CB880 /* TableViewController.swift */; };
		C30B9F8A26335C8D001CB880 /* Main.storyboard in Resources */ = {isa = PBXBuildFile; fileRef = C30B9F8826335C8D001CB880 /* Main.storyboard */; };
		C30B9F8D26335C8D001CB880 /* Book_Searcher.xcdatamodeld in Sources */ = {isa = PBXBuildFile; fileRef = C30B9F8B26335C8D001CB880 /* Book_Searcher.xcdatamodeld */; };
		C30B9F8F26335C8E001CB880 /* Assets.xcassets in Resources */ = {isa = PBXBuildFile; fileRef = C30B9F8E26335C8E001CB880 /* Assets.xcassets */; };
		C30B9F9226335C8E001CB880 /* LaunchScreen.storyboard in Resources */ = {isa = PBXBuildFile; fileRef = C30B9F9026335C8E001CB880 /* LaunchScreen.storyboard */; };
		C3288A61263825CC0021A943 /* DetailViewController.swift in Sources */ = {isa = PBXBuildFile; fileRef = C3288A60263825CC0021A943 /* DetailViewController.swift */; };
/* End PBXBuildFile section */

/* Begin PBXFileReference section */
		C306A32326340CFF00CB70D3 /* BookManager.swift */ = {isa = PBXFileReference; lastKnownFileType = sourcecode.swift; path = BookManager.swift; sourceTree = "<group>"; };
		C306A32A26340F8300CB70D3 /* BookData.swift */ = {isa = PBXFileReference; lastKnownFileType = sourcecode.swift; path = BookData.swift; sourceTree = "<group>"; };
		C306A32D2634415500CB70D3 /* BookModel.swift */ = {isa = PBXFileReference; lastKnownFileType = sourcecode.swift; path = BookModel.swift; sourceTree = "<group>"; };
		C30B9F7F26335C8D001CB880 /* Book Searcher.app */ = {isa = PBXFileReference; explicitFileType = wrapper.application; includeInIndex = 0; path = "Book Searcher.app"; sourceTree = BUILT_PRODUCTS_DIR; };
		C30B9F8226335C8D001CB880 /* AppDelegate.swift */ = {isa = PBXFileReference; lastKnownFileType = sourcecode.swift; path = AppDelegate.swift; sourceTree = "<group>"; };
		C30B9F8426335C8D001CB880 /* SceneDelegate.swift */ = {isa = PBXFileReference; lastKnownFileType = sourcecode.swift; path = SceneDelegate.swift; sourceTree = "<group>"; };
		C30B9F8626335C8D001CB880 /* TableViewController.swift */ = {isa = PBXFileReference; lastKnownFileType = sourcecode.swift; path = TableViewController.swift; sourceTree = "<group>"; };
		C30B9F8926335C8D001CB880 /* Base */ = {isa = PBXFileReference; lastKnownFileType = file.storyboard; name = Base; path = Base.lproj/Main.storyboard; sourceTree = "<group>"; };
		C30B9F8C26335C8D001CB880 /* Book_Searcher.xcdatamodel */ = {isa = PBXFileReference; lastKnownFileType = wrapper.xcdatamodel; path = Book_Searcher.xcdatamodel; sourceTree = "<group>"; };
		C30B9F8E26335C8E001CB880 /* Assets.xcassets */ = {isa = PBXFileReference; lastKnownFileType = folder.assetcatalog; path = Assets.xcassets; sourceTree = "<group>"; };
		C30B9F9126335C8E001CB880 /* Base */ = {isa = PBXFileReference; lastKnownFileType = file.storyboard; name = Base; path = Base.lproj/LaunchScreen.storyboard; sourceTree = "<group>"; };
		C30B9F9326335C8E001CB880 /* Info.plist */ = {isa = PBXFileReference; lastKnownFileType = text.plist.xml; path = Info.plist; sourceTree = "<group>"; };
		C3288A60263825CC0021A943 /* DetailViewController.swift */ = {isa = PBXFileReference; lastKnownFileType = sourcecode.swift; path = DetailViewController.swift; sourceTree = "<group>"; };
/* End PBXFileReference section */

/* Begin PBXFrameworksBuildPhase section */
		C30B9F7C26335C8D001CB880 /* Frameworks */ = {
			isa = PBXFrameworksBuildPhase;
			buildActionMask = 2147483647;
			files = (
			);
			runOnlyForDeploymentPostprocessing = 0;
		};
/* End PBXFrameworksBuildPhase section */

/* Begin PBXGroup section */
		C306A31F26340CDD00CB70D3 /* Controller */ = {
			isa = PBXGroup;
			children = (
				C30B9F8626335C8D001CB880 /* TableViewController.swift */,
				C3288A60263825CC0021A943 /* DetailViewController.swift */,
			);
			path = Controller;
			sourceTree = "<group>";
		};
		C306A32126340CE800CB70D3 /* View */ = {
			isa = PBXGroup;
			children = (
				C30B9F8826335C8D001CB880 /* Main.storyboard */,
			);
			path = View;
			sourceTree = "<group>";
		};
		C306A32226340CEE00CB70D3 /* Model */ = {
			isa = PBXGroup;
			children = (
				C306A32326340CFF00CB70D3 /* BookManager.swift */,
				C306A32A26340F8300CB70D3 /* BookData.swift */,
				C306A32D2634415500CB70D3 /* BookModel.swift */,
			);
			path = Model;
			sourceTree = "<group>";
		};
		C30B9F7626335C8D001CB880 = {
			isa = PBXGroup;
			children = (
				C30B9F8126335C8D001CB880 /* Book Searcher */,
				C30B9F8026335C8D001CB880 /* Products */,
			);
			sourceTree = "<group>";
		};
		C30B9F8026335C8D001CB880 /* Products */ = {
			isa = PBXGroup;
			children = (
				C30B9F7F26335C8D001CB880 /* Book Searcher.app */,
			);
			name = Products;
			sourceTree = "<group>";
		};
		C30B9F8126335C8D001CB880 /* Book Searcher */ = {
			isa = PBXGroup;
			children = (
				C30B9F8226335C8D001CB880 /* AppDelegate.swift */,
				C30B9F8426335C8D001CB880 /* SceneDelegate.swift */,
				C306A32226340CEE00CB70D3 /* Model */,
				C306A31F26340CDD00CB70D3 /* Controller */,
				C306A32126340CE800CB70D3 /* View */,
				C30B9F8E26335C8E001CB880 /* Assets.xcassets */,
				C30B9F9026335C8E001CB880 /* LaunchScreen.storyboard */,
				C30B9F9326335C8E001CB880 /* Info.plist */,
				C30B9F8B26335C8D001CB880 /* Book_Searcher.xcdatamodeld */,
			);
			path = "Book Searcher";
			sourceTree = "<group>";
		};
/* End PBXGroup section */

/* Begin PBXNativeTarget section */
		C30B9F7E26335C8D001CB880 /* Book Searcher */ = {
			isa = PBXNativeTarget;
			buildConfigurationList = C30B9F9626335C8E001CB880 /* Build configuration list for PBXNativeTarget "Book Searcher" */;
			buildPhases = (
				C30B9F7B26335C8D001CB880 /* Sources */,
				C30B9F7C26335C8D001CB880 /* Frameworks */,
				C30B9F7D26335C8D001CB880 /* Resources */,
			);
			buildRules = (
			);
			dependencies = (
			);
			name = "Book Searcher";
			productName = "Book Searcher";
			productReference = C30B9F7F26335C8D001CB880 /* Book Searcher.app */;
			productType = "com.apple.product-type.application";
		};
/* End PBXNativeTarget section */

/* Begin PBXProject section */
		C30B9F7726335C8D001CB880 /* Project object */ = {
			isa = PBXProject;
			attributes = {
				LastSwiftUpdateCheck = 1240;
				LastUpgradeCheck = 1240;
				TargetAttributes = {
					C30B9F7E26335C8D001CB880 = {
						CreatedOnToolsVersion = 12.4;
					};
				};
			};
			buildConfigurationList = C30B9F7A26335C8D001CB880 /* Build configuration list for PBXProject "Book Searcher" */;
			compatibilityVersion = "Xcode 9.3";
			developmentRegion = en;
			hasScannedForEncodings = 0;
			knownRegions = (
				en,
				Base,
			);
			mainGroup = C30B9F7626335C8D001CB880;
			productRefGroup = C30B9F8026335C8D001CB880 /* Products */;
			projectDirPath = "";
			projectRoot = "";
			targets = (
				C30B9F7E26335C8D001CB880 /* Book Searcher */,
			);
		};
/* End PBXProject section */

/* Begin PBXResourcesBuildPhase section */
		C30B9F7D26335C8D001CB880 /* Resources */ = {
			isa = PBXResourcesBuildPhase;
			buildActionMask = 2147483647;
			files = (
				C30B9F9226335C8E001CB880 /* LaunchScreen.storyboard in Resources */,
				C30B9F8F26335C8E001CB880 /* Assets.xcassets in Resources */,
				C30B9F8A26335C8D001CB880 /* Main.storyboard in Resources */,
			);
			runOnlyForDeploymentPostprocessing = 0;
		};
/* End PBXResourcesBuildPhase section */

/* Begin PBXSourcesBuildPhase section */
		C30B9F7B26335C8D001CB880 /* Sources */ = {
			isa = PBXSourcesBuildPhase;
			buildActionMask = 2147483647;
			files = (
				C30B9F8726335C8D001CB880 /* TableViewController.swift in Sources */,
				C30B9F8D26335C8D001CB880 /* Book_Searcher.xcdatamodeld in Sources */,
				C306A32B26340F8300CB70D3 /* BookData.swift in Sources */,
				C30B9F8326335C8D001CB880 /* AppDelegate.swift in Sources */,
				C306A32426340CFF00CB70D3 /* BookManager.swift in Sources */,
				C30B9F8526335C8D001CB880 /* SceneDelegate.swift in Sources */,
				C306A32E2634415500CB70D3 /* BookModel.swift in Sources */,
				C3288A61263825CC0021A943 /* DetailViewController.swift in Sources */,
			);
			runOnlyForDeploymentPostprocessing = 0;
		};
/* End PBXSourcesBuildPhase section */

/* Begin PBXVariantGroup section */
		C30B9F8826335C8D001CB880 /* Main.storyboard */ = {
			isa = PBXVariantGroup;
			children = (
				C30B9F8926335C8D001CB880 /* Base */,
			);
			name = Main.storyboard;
			sourceTree = "<group>";
		};
		C30B9F9026335C8E001CB880 /* LaunchScreen.storyboard */ = {
			isa = PBXVariantGroup;
			children = (
				C30B9F9126335C8E001CB880 /* Base */,
			);
			name = LaunchScreen.storyboard;
			sourceTree = "<group>";
		};
/* End PBXVariantGroup section */

/* Begin XCBuildConfiguration section */
		C30B9F9426335C8E001CB880 /* Debug */ = {
			isa = XCBuildConfiguration;
			buildSettings = {
				ALWAYS_SEARCH_USER_PATHS = NO;
				CLANG_ANALYZER_NONNULL = YES;
				CLANG_ANALYZER_NUMBER_OBJECT_CONVERSION = YES_AGGRESSIVE;
				CLANG_CXX_LANGUAGE_STANDARD = "gnu++14";
				CLANG_CXX_LIBRARY = "libc++";
				CLANG_ENABLE_MODULES = YES;
				CLANG_ENABLE_OBJC_ARC = YES;
				CLANG_ENABLE_OBJC_WEAK = YES;
				CLANG_WARN_BLOCK_CAPTURE_AUTORELEASING = YES;
				CLANG_WARN_BOOL_CONVERSION = YES;
				CLANG_WARN_COMMA = YES;
				CLANG_WARN_CONSTANT_CONVERSION = YES;
				CLANG_WARN_DEPRECATED_OBJC_IMPLEMENTATIONS = YES;
				CLANG_WARN_DIRECT_OBJC_ISA_USAGE = YES_ERROR;
				CLANG_WARN_DOCUMENTATION_COMMENTS = YES;
				CLANG_WARN_EMPTY_BODY = YES;
				CLANG_WARN_ENUM_CONVERSION = YES;
				CLANG_WARN_INFINITE_RECURSION = YES;
				CLANG_WARN_INT_CONVERSION = YES;
				CLANG_WARN_NON_LITERAL_NULL_CONVERSION = YES;
				CLANG_WARN_OBJC_IMPLICIT_RETAIN_SELF = YES;
				CLANG_WARN_OBJC_LITERAL_CONVERSION = YES;
				CLANG_WARN_OBJC_ROOT_CLASS = YES_ERROR;
				CLANG_WARN_QUOTED_INCLUDE_IN_FRAMEWORK_HEADER = YES;
				CLANG_WARN_RANGE_LOOP_ANALYSIS = YES;
				CLANG_WARN_STRICT_PROTOTYPES = YES;
				CLANG_WARN_SUSPICIOUS_MOVE = YES;
				CLANG_WARN_UNGUARDED_AVAILABILITY = YES_AGGRESSIVE;
				CLANG_WARN_UNREACHABLE_CODE = YES;
				CLANG_WARN__DUPLICATE_METHOD_MATCH = YES;
				COPY_PHASE_STRIP = NO;
				DEBUG_INFORMATION_FORMAT = dwarf;
				ENABLE_STRICT_OBJC_MSGSEND = YES;
				ENABLE_TESTABILITY = YES;
				GCC_C_LANGUAGE_STANDARD = gnu11;
				GCC_DYNAMIC_NO_PIC = NO;
				GCC_NO_COMMON_BLOCKS = YES;
				GCC_OPTIMIZATION_LEVEL = 0;
				GCC_PREPROCESSOR_DEFINITIONS = (
					"DEBUG=1",
					"$(inherited)",
				);
				GCC_WARN_64_TO_32_BIT_CONVERSION = YES;
				GCC_WARN_ABOUT_RETURN_TYPE = YES_ERROR;
				GCC_WARN_UNDECLARED_SELECTOR = YES;
				GCC_WARN_UNINITIALIZED_AUTOS = YES_AGGRESSIVE;
				GCC_WARN_UNUSED_FUNCTION = YES;
				GCC_WARN_UNUSED_VARIABLE = YES;
				IPHONEOS_DEPLOYMENT_TARGET = 14.4;
				MTL_ENABLE_DEBUG_INFO = INCLUDE_SOURCE;
				MTL_FAST_MATH = YES;
				ONLY_ACTIVE_ARCH = YES;
				SDKROOT = iphoneos;
				SWIFT_ACTIVE_COMPILATION_CONDITIONS = DEBUG;
				SWIFT_OPTIMIZATION_LEVEL = "-Onone";
			};
			name = Debug;
		};
		C30B9F9526335C8E001CB880 /* Release */ = {
			isa = XCBuildConfiguration;
			buildSettings = {
				ALWAYS_SEARCH_USER_PATHS = NO;
				CLANG_ANALYZER_NONNULL = YES;
				CLANG_ANALYZER_NUMBER_OBJECT_CONVERSION = YES_AGGRESSIVE;
				CLANG_CXX_LANGUAGE_STANDARD = "gnu++14";
				CLANG_CXX_LIBRARY = "libc++";
				CLANG_ENABLE_MODULES = YES;
				CLANG_ENABLE_OBJC_ARC = YES;
				CLANG_ENABLE_OBJC_WEAK = YES;
				CLANG_WARN_BLOCK_CAPTURE_AUTORELEASING = YES;
				CLANG_WARN_BOOL_CONVERSION = YES;
				CLANG_WARN_COMMA = YES;
				CLANG_WARN_CONSTANT_CONVERSION = YES;
				CLANG_WARN_DEPRECATED_OBJC_IMPLEMENTATIONS = YES;
				CLANG_WARN_DIRECT_OBJC_ISA_USAGE = YES_ERROR;
				CLANG_WARN_DOCUMENTATION_COMMENTS = YES;
				CLANG_WARN_EMPTY_BODY = YES;
				CLANG_WARN_ENUM_CONVERSION = YES;
				CLANG_WARN_INFINITE_RECURSION = YES;
				CLANG_WARN_INT_CONVERSION = YES;
				CLANG_WARN_NON_LITERAL_NULL_CONVERSION = YES;
				CLANG_WARN_OBJC_IMPLICIT_RETAIN_SELF = YES;
				CLANG_WARN_OBJC_LITERAL_CONVERSION = YES;
				CLANG_WARN_OBJC_ROOT_CLASS = YES_ERROR;
				CLANG_WARN_QUOTED_INCLUDE_IN_FRAMEWORK_HEADER = YES;
				CLANG_WARN_RANGE_LOOP_ANALYSIS = YES;
				CLANG_WARN_STRICT_PROTOTYPES = YES;
				CLANG_WARN_SUSPICIOUS_MOVE = YES;
				CLANG_WARN_UNGUARDED_AVAILABILITY = YES_AGGRESSIVE;
				CLANG_WARN_UNREACHABLE_CODE = YES;
				CLANG_WARN__DUPLICATE_METHOD_MATCH = YES;
				COPY_PHASE_STRIP = NO;
				DEBUG_INFORMATION_FORMAT = "dwarf-with-dsym";
				ENABLE_NS_ASSERTIONS = NO;
				ENABLE_STRICT_OBJC_MSGSEND = YES;
				GCC_C_LANGUAGE_STANDARD = gnu11;
				GCC_NO_COMMON_BLOCKS = YES;
				GCC_WARN_64_TO_32_BIT_CONVERSION = YES;
				GCC_WARN_ABOUT_RETURN_TYPE = YES_ERROR;
				GCC_WARN_UNDECLARED_SELECTOR = YES;
				GCC_WARN_UNINITIALIZED_AUTOS = YES_AGGRESSIVE;
				GCC_WARN_UNUSED_FUNCTION = YES;
				GCC_WARN_UNUSED_VARIABLE = YES;
				IPHONEOS_DEPLOYMENT_TARGET = 14.4;
				MTL_ENABLE_DEBUG_INFO = NO;
				MTL_FAST_MATH = YES;
				SDKROOT = iphoneos;
				SWIFT_COMPILATION_MODE = wholemodule;
				SWIFT_OPTIMIZATION_LEVEL = "-O";
				VALIDATE_PRODUCT = YES;
			};
			name = Release;
		};
		C30B9F9726335C8E001CB880 /* Debug */ = {
			isa = XCBuildConfiguration;
			buildSettings = {
				ASSETCATALOG_COMPILER_APPICON_NAME = AppIcon;
				ASSETCATALOG_COMPILER_GLOBAL_ACCENT_COLOR_NAME = AccentColor;
				CODE_SIGN_STYLE = Automatic;
				INFOPLIST_FILE = "Book Searcher/Info.plist";
				LD_RUNPATH_SEARCH_PATHS = (
					"$(inherited)",
					"@executable_path/Frameworks",
				);
				PRODUCT_BUNDLE_IDENTIFIER = "com.Bekzod.Book-Searcher";
				PRODUCT_NAME = "$(TARGET_NAME)";
				SWIFT_VERSION = 5.0;
				TARGETED_DEVICE_FAMILY = "1,2";
			};
			name = Debug;
		};
		C30B9F9826335C8E001CB880 /* Release */ = {
			isa = XCBuildConfiguration;
			buildSettings = {
				ASSETCATALOG_COMPILER_APPICON_NAME = AppIcon;
				ASSETCATALOG_COMPILER_GLOBAL_ACCENT_COLOR_NAME = AccentColor;
				CODE_SIGN_STYLE = Automatic;
				INFOPLIST_FILE = "Book Searcher/Info.plist";
				LD_RUNPATH_SEARCH_PATHS = (
					"$(inherited)",
					"@executable_path/Frameworks",
				);
				PRODUCT_BUNDLE_IDENTIFIER = "com.Bekzod.Book-Searcher";
				PRODUCT_NAME = "$(TARGET_NAME)";
				SWIFT_VERSION = 5.0;
				TARGETED_DEVICE_FAMILY = "1,2";
			};
			name = Release;
		};
/* End XCBuildConfiguration section */

/* Begin XCConfigurationList section */
		C30B9F7A26335C8D001CB880 /* Build configuration list for PBXProject "Book Searcher" */ = {
			isa = XCConfigurationList;
			buildConfigurations = (
				C30B9F9426335C8E001CB880 /* Debug */,
				C30B9F9526335C8E001CB880 /* Release */,
			);
			defaultConfigurationIsVisible = 0;
			defaultConfigurationName = Release;
		};
		C30B9F9626335C8E001CB880 /* Build configuration list for PBXNativeTarget "Book Searcher" */ = {
			isa = XCConfigurationList;
			buildConfigurations = (
				C30B9F9726335C8E001CB880 /* Debug */,
				C30B9F9826335C8E001CB880 /* Release */,
			);
			defaultConfigurationIsVisible = 0;
			defaultConfigurationName = Release;
		};
/* End XCConfigurationList section */

/* Begin XCVersionGroup section */
		C30B9F8B26335C8D001CB880 /* Book_Searcher.xcdatamodeld */ = {
			isa = XCVersionGroup;
			children = (
				C30B9F8C26335C8D001CB880 /* Book_Searcher.xcdatamodel */,
			);
			currentVersion = C30B9F8C26335C8D001CB880 /* Book_Searcher.xcdatamodel */;
			path = Book_Searcher.xcdatamodeld;
			sourceTree = "<group>";
			versionGroupType = wrapper.xcdatamodel;
		};
/* End XCVersionGroup section */
	};
	rootObject = C30B9F7726335C8D001CB880 /* Project object */;
}
